schema: '2.0'
stages:
  load:
    cmd: hibayes-load --config files/config.yaml --out .output/load/
    deps:
    - path: ../../src/hibayes/
      hash: md5
      md5: fc161cba34cdfafd61aec8a65793adb6.dir
      size: 494858
      nfiles: 111
    - path: files/custom_extractor.py
      hash: md5
      md5: ca187ea6dc725bcf36af1497a61b15ad
      size: 746
    params:
      files/config.yaml:
        data_loader:
          paths:
            files_to_process:
            - data/gpt-4o
          extractors:
            enabled:
            - base
            custom:
              path: files/custom_extractor.py
              classes:
              - Domains
    outs:
    - path: .output/load/
      hash: md5
      md5: 7f58c77572db284e71aaf83c932f64da.dir
      size: 132091
      nfiles: 1
  process:
    cmd: hibayes-process --config files/config.yaml --data .output/load/data.parquet
      --out .output/process/
    deps:
    - path: ../../src/hibayes/
      hash: md5
      md5: fc161cba34cdfafd61aec8a65793adb6.dir
      size: 494858
      nfiles: 111
    - path: .output/load/data.parquet
      hash: md5
      md5: cd40c90aeec631bcc6b311eb71c04cff
      size: 132091
    params:
      files/config.yaml:
        data_process:
          processors:
          - map_columns:
              column_mapping:
                domain: group
          - groupby:
              groupby_columns:
              - group
          - extract_features:
              feature_names:
              - n_total
          - extract_predictors:
              predictor_names:
              - group
          - extract_observed_feature:
              feature_name: n_correct
    outs:
    - path: .output/process/
      hash: md5
      md5: 21e18c43839b835fa5ec8873b34a42f8.dir
      size: 132539
      nfiles: 4
  model:
    cmd: hibayes-model --config files/config.yaml --analysis-state .output/process/
      --out .output/model/
    deps:
    - path: ../../src/hibayes/
      hash: md5
      md5: fc161cba34cdfafd61aec8a65793adb6.dir
      size: 494858
      nfiles: 111
    - path: .output/process/
      hash: md5
      md5: 21e18c43839b835fa5ec8873b34a42f8.dir
      size: 132539
      nfiles: 4
    params:
      files/config.yaml:
        check:
          checkers:
          - prior_predictive_plot:
              plot_proportion: true
          - r_hat
          - divergences
          - ess_bulk
          - ess_tail
          - loo
          - bfmi
          - posterior_predictive_plot:
              plot_proportion: true
              plot_kwargs:
                num_pp_samples: 50
          - waic
        model:
          models:
          - name: two_level_group_binomial
            config:
              tag: version_1
        platform:
    outs:
    - path: .output/model/
      hash: md5
      md5: 629744056660e25075fd07fac877d37f.dir
      size: 2668333
      nfiles: 14
  communicate:
    cmd: hibayes-comm --config files/config.yaml --analysis_state .output/model/ --out
      .output/communicate/
    deps:
    - path: ../../src/hibayes/
      hash: md5
      md5: fc161cba34cdfafd61aec8a65793adb6.dir
      size: 494858
      nfiles: 111
    - path: .output/model/
      hash: md5
      md5: 629744056660e25075fd07fac877d37f.dir
      size: 2668333
      nfiles: 14
    params:
      files/config.yaml:
        communicate:
          communicate:
          - forest_plot:
              combined: true
          - trace_plot
          - summary_table
    outs:
    - path: .output/communicate/
      hash: md5
      md5: d236202e1761ddc280810341dcf3ac30.dir
      size: 3598989
      nfiles: 16
