schema: '2.0'
stages:
  load:
    cmd: hibayes-load --config files/config.yaml --out .output/load/
    deps:
    - path: ../../src/hibayes/
      hash: md5
      md5: bd0c2447bafeb1ac625e8d7052827f2e.dir
      size: 410606
      nfiles: 87
    - path: files/custom_extractor.py
      hash: md5
      md5: ca187ea6dc725bcf36af1497a61b15ad
      size: 746
    params:
      files/config.yaml:
        data_loader:
          paths:
            files_to_process:
            - data/gpt-4o
          extractors:
            enabled:
            - base
            custom:
              path: files/custom_extractor.py
              classes:
              - Domains
    outs:
    - path: .output/load/
      hash: md5
      md5: 7f58c77572db284e71aaf83c932f64da.dir
      size: 132091
      nfiles: 1
  model:
    cmd: hibayes-model --config files/config.yaml --data .output/load/data.parquet
      --out .output/model/
    deps:
    - path: ../../src/hibayes/
      hash: md5
      md5: bd0c2447bafeb1ac625e8d7052827f2e.dir
      size: 410606
      nfiles: 87
    - path: .output/load/data.parquet
      hash: md5
      md5: cd40c90aeec631bcc6b311eb71c04cff
      size: 132091
    params:
      files/config.yaml:
        checkers:
          checks:
          - prior_predictive_plot
          - r_hat
          - divergences
          - ess_bulk
          - ess_tail
          - loo
          - bfmi
          - posterior_predictive_plot:
              plot_proportion: true
              plot_kwargs:
                num_pp_samples: 50
          - waic
        model:
          models:
          - name: TwoLevelGroupBinomial
            config:
              tag: version_1
              centred: false
              column_map:
                domain: group
        platform:
    outs:
    - path: .output/model/
      hash: md5
      md5: 65dd3c3d09991a72d5898467286e10be.dir
      size: 2957167
      nfiles: 13
  communicate:
    cmd: hibayes-comm --config files/config.yaml --analysis_state .output/model/ --out
      .output/communicate/
    deps:
    - path: ../../src/hibayes/
      hash: md5
      md5: bd0c2447bafeb1ac625e8d7052827f2e.dir
      size: 410606
      nfiles: 87
    - path: .output/model/
      hash: md5
      md5: 65dd3c3d09991a72d5898467286e10be.dir
      size: 2957167
      nfiles: 13
    params:
      files/config.yaml:
        communicators:
          communicate:
          - forest_plot:
              combined: true
          - trace_plot
          - summary_table
    outs:
    - path: .output/communicate/
      hash: md5
      md5: 0b4fcf6010094a8fa2afea43a3e1ac75.dir
      size: 2499052
      nfiles: 12
